
Microsoft Visual Studio Solution File, Format Version 12.00
# Visual Studio Version 17
VisualStudioVersion = 17.6.33815.320
MinimumVisualStudioVersion = 10.0.40219.1
Project("{FAE04EC0-301F-11D3-BF4B-00C04F79EFBC}") = "WindowsFormsApp1", "WindowsFormsApp1.csproj", "{77C8E302-E930-48E6-8F34-95C23DB975FD}"
EndProject
Global
	GlobalSection(SolutionConfigurationPlatforms) = preSolution
		Debug|Any CPU = Debug|Any CPU
		Release|Any CPU = Release|Any CPU
	EndGlobalSection
	GlobalSection(ProjectConfigurationPlatforms) = postSolution
		{77C8E302-E930-48E6-8F34-95C23DB975FD}.Debug|Any CPU.ActiveCfg = Debug|Any CPU
		{77C8E302-E930-48E6-8F34-95C23DB975FD}.Debug|Any CPU.Build.0 = Debug|Any CPU
		{77C8E302-E930-48E6-8F34-95C23DB975FD}.Release|Any CPU.ActiveCfg = Release|Any CPU
		{77C8E302-E930-48E6-8F34-95C23DB975FD}.Release|Any CPU.Build.0 = Release|Any CPU
	EndGlobalSection
	GlobalSection(SolutionProperties) = preSolution
		HideSolutionNode = FALSE
	EndGlobalSection
	GlobalSection(ExtensibilityGlobals) = postSolution
		SolutionGuid = {CBEBC98A-40DF-4233-834B-3682EF572390}
	EndGlobalSection
EndGlobal
