
Microsoft Visual Studio Solution File, Format Version 12.00
# Visual Studio Version 17
VisualStudioVersion = 17.6.33815.320
MinimumVisualStudioVersion = 10.0.40219.1
Project("{9A19103F-16F7-4668-BE54-9A1E7A4F7556}") = "AssistsWF", "AssistsWF.csproj", "{1636BDDB-1AAD-4094-9230-F149BCE176E7}"
EndProject
Project("{FAE04EC0-301F-11D3-BF4B-00C04F79EFBC}") = "AssistsWF.entities", "..\AssistsWF.entities\AssistsWF.entities.csproj", "{4510CE5D-D8D8-4442-9578-A29E47ABEEC9}"
EndProject
Project("{FAE04EC0-301F-11D3-BF4B-00C04F79EFBC}") = "AssistsWF.services", "..\AssistsWF.services\AssistsWF.services.csproj", "{EA6B40B5-D5C2-45B6-B843-B2821C454DF5}"
EndProject
Global
	GlobalSection(SolutionConfigurationPlatforms) = preSolution
		Debug|Any CPU = Debug|Any CPU
		Release|Any CPU = Release|Any CPU
	EndGlobalSection
	GlobalSection(ProjectConfigurationPlatforms) = postSolution
		{1636BDDB-1AAD-4094-9230-F149BCE176E7}.Debug|Any CPU.ActiveCfg = Debug|Any CPU
		{1636BDDB-1AAD-4094-9230-F149BCE176E7}.Debug|Any CPU.Build.0 = Debug|Any CPU
		{1636BDDB-1AAD-4094-9230-F149BCE176E7}.Release|Any CPU.ActiveCfg = Release|Any CPU
		{1636BDDB-1AAD-4094-9230-F149BCE176E7}.Release|Any CPU.Build.0 = Release|Any CPU
		{4510CE5D-D8D8-4442-9578-A29E47ABEEC9}.Debug|Any CPU.ActiveCfg = Debug|Any CPU
		{4510CE5D-D8D8-4442-9578-A29E47ABEEC9}.Debug|Any CPU.Build.0 = Debug|Any CPU
		{4510CE5D-D8D8-4442-9578-A29E47ABEEC9}.Release|Any CPU.ActiveCfg = Release|Any CPU
		{4510CE5D-D8D8-4442-9578-A29E47ABEEC9}.Release|Any CPU.Build.0 = Release|Any CPU
		{EA6B40B5-D5C2-45B6-B843-B2821C454DF5}.Debug|Any CPU.ActiveCfg = Debug|Any CPU
		{EA6B40B5-D5C2-45B6-B843-B2821C454DF5}.Debug|Any CPU.Build.0 = Debug|Any CPU
		{EA6B40B5-D5C2-45B6-B843-B2821C454DF5}.Release|Any CPU.ActiveCfg = Release|Any CPU
		{EA6B40B5-D5C2-45B6-B843-B2821C454DF5}.Release|Any CPU.Build.0 = Release|Any CPU
	EndGlobalSection
	GlobalSection(SolutionProperties) = preSolution
		HideSolutionNode = FALSE
	EndGlobalSection
	GlobalSection(ExtensibilityGlobals) = postSolution
		SolutionGuid = {D92CD9E4-A801-47D3-A4E0-F754D2604134}
	EndGlobalSection
EndGlobal
